
Microsoft Visual Studio Solution File, Format Version 12.00
# Visual Studio 15
VisualStudioVersion = 15.0.28307.1267
MinimumVisualStudioVersion = 10.0.40219.1
Project("{FAE04EC0-301F-11D3-BF4B-00C04F79EFBC}") = "ProductionInRS2", "ProductionInRS2\ProductionInRS2.csproj", "{1A9812CB-4E4D-4B94-9D10-1F9AE26CBC80}"
EndProject
Global
	GlobalSection(SolutionConfigurationPlatforms) = preSolution
		Debug|Any CPU = Debug|Any CPU
		Release|Any CPU = Release|Any CPU
	EndGlobalSection
	GlobalSection(ProjectConfigurationPlatforms) = postSolution
		{1A9812CB-4E4D-4B94-9D10-1F9AE26CBC80}.Debug|Any CPU.ActiveCfg = Debug|Any CPU
		{1A9812CB-4E4D-4B94-9D10-1F9AE26CBC80}.Debug|Any CPU.Build.0 = Debug|Any CPU
		{1A9812CB-4E4D-4B94-9D10-1F9AE26CBC80}.Release|Any CPU.ActiveCfg = Release|Any CPU
		{1A9812CB-4E4D-4B94-9D10-1F9AE26CBC80}.Release|Any CPU.Build.0 = Release|Any CPU
	EndGlobalSection
	GlobalSection(SolutionProperties) = preSolution
		HideSolutionNode = FALSE
	EndGlobalSection
	GlobalSection(ExtensibilityGlobals) = postSolution
		SolutionGuid = {695B3C90-58ED-4426-8F5A-5B11AF5D5DFF}
	EndGlobalSection
EndGlobal
